Microsoft Visual Studio Solution File, Format Version 12.00
# Visual Studio 15
VisualStudioVersion = 15.0.27130.2026
MinimumVisualStudioVersion = 10.0.40219.1
Project("{FAE04EC0-301F-11D3-BF4B-00C04F79EFBC}") = "Core4MPtestig", "Core4MPtestig\Core4MPtestig.csproj", "{FB07DC8F-51AF-4DCE-B9E7-887A217F6B52}"
EndProject
Global
	GlobalSection(SolutionConfigurationPlatforms) = preSolution
		Debug|Any CPU = Debug|Any CPU
		Release|Any CPU = Release|Any CPU
	EndGlobalSection
	GlobalSection(ProjectConfigurationPlatforms) = postSolution
		{FB07DC8F-51AF-4DCE-B9E7-887A217F6B52}.Debug|Any CPU.ActiveCfg = Debug|Any CPU
		{FB07DC8F-51AF-4DCE-B9E7-887A217F6B52}.Debug|Any CPU.Build.0 = Debug|Any CPU
		{FB07DC8F-51AF-4DCE-B9E7-887A217F6B52}.Release|Any CPU.ActiveCfg = Release|Any CPU
		{FB07DC8F-51AF-4DCE-B9E7-887A217F6B52}.Release|Any CPU.Build.0 = Release|Any CPU
	EndGlobalSection
	GlobalSection(SolutionProperties) = preSolution
		HideSolutionNode = FALSE
	EndGlobalSection
	GlobalSection(ExtensibilityGlobals) = postSolution
		SolutionGuid = {2B1C5153-95E6-473B-9B50-4F4EF4142AC8}
	EndGlobalSection
EndGlobal
